
Microsoft Visual Studio Solution File, Format Version 12.00
# Visual Studio Version 17
VisualStudioVersion = 17.10.34928.147
MinimumVisualStudioVersion = 10.0.40219.1
Project("{FAE04EC0-301F-11D3-BF4B-00C04F79EFBC}") = "BilakProject", "BilakProject\BilakProject.csproj", "{C6EB95EB-FC0A-41F8-8F52-852D9AB7BB25}"
EndProject
Global
	GlobalSection(SolutionConfigurationPlatforms) = preSolution
		Debug|Any CPU = Debug|Any CPU
		Release|Any CPU = Release|Any CPU
	EndGlobalSection
	GlobalSection(ProjectConfigurationPlatforms) = postSolution
		{C6EB95EB-FC0A-41F8-8F52-852D9AB7BB25}.Debug|Any CPU.ActiveCfg = Debug|Any CPU
		{C6EB95EB-FC0A-41F8-8F52-852D9AB7BB25}.Debug|Any CPU.Build.0 = Debug|Any CPU
		{C6EB95EB-FC0A-41F8-8F52-852D9AB7BB25}.Release|Any CPU.ActiveCfg = Release|Any CPU
		{C6EB95EB-FC0A-41F8-8F52-852D9AB7BB25}.Release|Any CPU.Build.0 = Release|Any CPU
	EndGlobalSection
	GlobalSection(SolutionProperties) = preSolution
		HideSolutionNode = FALSE
	EndGlobalSection
	GlobalSection(ExtensibilityGlobals) = postSolution
		SolutionGuid = {5FA869B0-A6D8-4633-A10D-E50196A75D4B}
	EndGlobalSection
EndGlobal
